
Microsoft Visual Studio Solution File, Format Version 11.00
# Visual Studio 2010
Project("{FAE04EC0-301F-11D3-BF4B-00C04F79EFBC}") = "NetworkProgramming", "Assembly-CSharp.csproj", "{D2C36FFF-0028-BD79-1B08-933B8C45EE1E}"
EndProject
Global
	GlobalSection(SolutionConfigurationPlatforms) = preSolution
		Debug|Any CPU = Debug|Any CPU
		Release|Any CPU = Release|Any CPU
	EndGlobalSection
	GlobalSection(ProjectConfigurationPlatforms) = postSolution
		{D2C36FFF-0028-BD79-1B08-933B8C45EE1E}.Debug|Any CPU.ActiveCfg = Debug|Any CPU
		{D2C36FFF-0028-BD79-1B08-933B8C45EE1E}.Debug|Any CPU.Build.0 = Debug|Any CPU
		{D2C36FFF-0028-BD79-1B08-933B8C45EE1E}.Release|Any CPU.ActiveCfg = Release|Any CPU
		{D2C36FFF-0028-BD79-1B08-933B8C45EE1E}.Release|Any CPU.Build.0 = Release|Any CPU
	EndGlobalSection
	GlobalSection(SolutionProperties) = preSolution
		HideSolutionNode = FALSE
	EndGlobalSection
	GlobalSection(MonoDevelopProperties) = preSolution
		StartupItem = Assembly-CSharp.csproj
	EndGlobalSection
EndGlobal
